Microsoft Visual Studio Solution File, Format Version 12.00
# Visual Studio Version 17
VisualStudioVersion = 17.5.2.0
MinimumVisualStudioVersion = 10.0.40219.1
Project("{FAE04EC0-301F-11D3-BF4B-00C04F79EFBC}") = "signal-watcher-aspnet", "signal-watcher-aspnet.csproj", "{33E6B726-16FD-911B-EDFF-CA406DDFCF95}"
EndProject
Global
	GlobalSection(SolutionConfigurationPlatforms) = preSolution
		Debug|Any CPU = Debug|Any CPU
		Release|Any CPU = Release|Any CPU
	EndGlobalSection
	GlobalSection(ProjectConfigurationPlatforms) = postSolution
		{33E6B726-16FD-911B-EDFF-CA406DDFCF95}.Debug|Any CPU.ActiveCfg = Debug|Any CPU
		{33E6B726-16FD-911B-EDFF-CA406DDFCF95}.Debug|Any CPU.Build.0 = Debug|Any CPU
		{33E6B726-16FD-911B-EDFF-CA406DDFCF95}.Release|Any CPU.ActiveCfg = Release|Any CPU
		{33E6B726-16FD-911B-EDFF-CA406DDFCF95}.Release|Any CPU.Build.0 = Release|Any CPU
	EndGlobalSection
	GlobalSection(SolutionProperties) = preSolution
		HideSolutionNode = FALSE
	EndGlobalSection
	GlobalSection(ExtensibilityGlobals) = postSolution
		SolutionGuid = {6A53B4F8-4EDD-4053-B75F-7D047F9CA163}
	EndGlobalSection
EndGlobal
